
Microsoft Visual Studio Solution File, Format Version 12.00
# Visual Studio Version 16
VisualStudioVersion = 16.0.28803.452
MinimumVisualStudioVersion = 10.0.40219.1
Project("{FAE04EC0-301F-11D3-BF4B-00C04F79EFBC}") = "KanyeWestAPI", "KanyeWestAPI\KanyeWestAPI.csproj", "{9258C8F7-B747-48DB-9876-262130BA2F91}"
EndProject
Global
	GlobalSection(SolutionConfigurationPlatforms) = preSolution
		Debug|Any CPU = Debug|Any CPU
		Release|Any CPU = Release|Any CPU
	EndGlobalSection
	GlobalSection(ProjectConfigurationPlatforms) = postSolution
		{9258C8F7-B747-48DB-9876-262130BA2F91}.Debug|Any CPU.ActiveCfg = Debug|Any CPU
		{9258C8F7-B747-48DB-9876-262130BA2F91}.Debug|Any CPU.Build.0 = Debug|Any CPU
		{9258C8F7-B747-48DB-9876-262130BA2F91}.Release|Any CPU.ActiveCfg = Release|Any CPU
		{9258C8F7-B747-48DB-9876-262130BA2F91}.Release|Any CPU.Build.0 = Release|Any CPU
	EndGlobalSection
	GlobalSection(SolutionProperties) = preSolution
		HideSolutionNode = FALSE
	EndGlobalSection
	GlobalSection(ExtensibilityGlobals) = postSolution
		SolutionGuid = {AB5F5972-001E-4CCC-AF65-FFEFE7339399}
	EndGlobalSection
EndGlobal
